// !$*UTF8*$!
{
	archiveVersion = 1;
	classes = {
	};
	objectVersion = 77;
	objects = {

/* Begin PBXContainerItemProxy section */
		70D84C932E0FB627008ED7B9 /* PBXContainerItemProxy */ = {
			isa = PBXContainerItemProxy;
			containerPortal = 70D84C792E0FB625008ED7B9 /* Project object */;
			proxyType = 1;
			remoteGlobalIDString = 70D84C802E0FB625008ED7B9;
			remoteInfo = XSshowTabForm;
		};
		70D84C9D2E0FB627008ED7B9 /* PBXContainerItemProxy */ = {
			isa = PBXContainerItemProxy;
			containerPortal = 70D84C792E0FB625008ED7B9 /* Project object */;
			proxyType = 1;
			remoteGlobalIDString = 70D84C802E0FB625008ED7B9;
			remoteInfo = XSshowTabForm;
		};
/* End PBXContainerItemProxy section */

/* Begin PBXFileReference section */
		70D84C812E0FB625008ED7B9 /* XSshowTabForm.app */ = {isa = PBXFileReference; explicitFileType = wrapper.application; includeInIndex = 0; path = XSshowTabForm.app; sourceTree = BUILT_PRODUCTS_DIR; };
		70D84C922E0FB627008ED7B9 /* XSshowTabFormTests.xctest */ = {isa = PBXFileReference; explicitFileType = wrapper.cfbundle; includeInIndex = 0; path = XSshowTabFormTests.xctest; sourceTree = BUILT_PRODUCTS_DIR; };
		70D84C9C2E0FB627008ED7B9 /* XSshowTabFormUITests.xctest */ = {isa = PBXFileReference; explicitFileType = wrapper.cfbundle; includeInIndex = 0; path = XSshowTabFormUITests.xctest; sourceTree = BUILT_PRODUCTS_DIR; };
/* End PBXFileReference section */

/* Begin PBXFileSystemSynchronizedRootGroup section */
		70D84C832E0FB625008ED7B9 /* XSshowTabForm */ = {
			isa = PBXFileSystemSynchronizedRootGroup;
			path = XSshowTabForm;
			sourceTree = "<group>";
		};
		70D84C952E0FB627008ED7B9 /* XSshowTabFormTests */ = {
			isa = PBXFileSystemSynchronizedRootGroup;
			path = XSshowTabFormTests;
			sourceTree = "<group>";
		};
		70D84C9F2E0FB627008ED7B9 /* XSshowTabFormUITests */ = {
			isa = PBXFileSystemSynchronizedRootGroup;
			path = XSshowTabFormUITests;
			sourceTree = "<group>";
		};
/* End PBXFileSystemSynchronizedRootGroup section */

/* Begin PBXFrameworksBuildPhase section */
		70D84C7E2E0FB625008ED7B9 /* Frameworks */ = {
			isa = PBXFrameworksBuildPhase;
			buildActionMask = 2147483647;
			files = (
			);
			runOnlyForDeploymentPostprocessing = 0;
		};
		70D84C8F2E0FB627008ED7B9 /* Frameworks */ = {
			isa = PBXFrameworksBuildPhase;
			buildActionMask = 2147483647;
			files = (
			);
			runOnlyForDeploymentPostprocessing = 0;
		};
		70D84C992E0FB627008ED7B9 /* Frameworks */ = {
			isa = PBXFrameworksBuildPhase;
			buildActionMask = 2147483647;
			files = (
			);
			runOnlyForDeploymentPostprocessing = 0;
		};
/* End PBXFrameworksBuildPhase section */

/* Begin PBXGroup section */
		70D84C782E0FB625008ED7B9 = {
			isa = PBXGroup;
			children = (
				70D84C832E0FB625008ED7B9 /* XSshowTabForm */,
				70D84C952E0FB627008ED7B9 /* XSshowTabFormTests */,
				70D84C9F2E0FB627008ED7B9 /* XSshowTabFormUITests */,
				70D84C822E0FB625008ED7B9 /* Products */,
			);
			sourceTree = "<group>";
		};
		70D84C822E0FB625008ED7B9 /* Products */ = {
			isa = PBXGroup;
			children = (
				70D84C812E0FB625008ED7B9 /* XSshowTabForm.app */,
				70D84C922E0FB627008ED7B9 /* XSshowTabFormTests.xctest */,
				70D84C9C2E0FB627008ED7B9 /* XSshowTabFormUITests.xctest */,
			);
			name = Products;
			sourceTree = "<group>";
		};
/* End PBXGroup section */

/* Begin PBXNativeTarget section */
		70D84C802E0FB625008ED7B9 /* XSshowTabForm */ = {
			isa = PBXNativeTarget;
			buildConfigurationList = 70D84CA62E0FB627008ED7B9 /* Build configuration list for PBXNativeTarget "XSshowTabForm" */;
			buildPhases = (
				70D84C7D2E0FB625008ED7B9 /* Sources */,
				70D84C7E2E0FB625008ED7B9 /* Frameworks */,
				70D84C7F2E0FB625008ED7B9 /* Resources */,
			);
			buildRules = (
			);
			dependencies = (
			);
			fileSystemSynchronizedGroups = (
				70D84C832E0FB625008ED7B9 /* XSshowTabForm */,
			);
			name = XSshowTabForm;
			packageProductDependencies = (
			);
			productName = XSshowTabForm;
			productReference = 70D84C812E0FB625008ED7B9 /* XSshowTabForm.app */;
			productType = "com.apple.product-type.application";
		};
		70D84C912E0FB627008ED7B9 /* XSshowTabFormTests */ = {
			isa = PBXNativeTarget;
			buildConfigurationList = 70D84CA92E0FB627008ED7B9 /* Build configuration list for PBXNativeTarget "XSshowTabFormTests" */;
			buildPhases = (
				70D84C8E2E0FB627008ED7B9 /* Sources */,
				70D84C8F2E0FB627008ED7B9 /* Frameworks */,
				70D84C902E0FB627008ED7B9 /* Resources */,
			);
			buildRules = (
			);
			dependencies = (
				70D84C942E0FB627008ED7B9 /* PBXTargetDependency */,
			);
			fileSystemSynchronizedGroups = (
				70D84C952E0FB627008ED7B9 /* XSshowTabFormTests */,
			);
			name = XSshowTabFormTests;
			packageProductDependencies = (
			);
			productName = XSshowTabFormTests;
			productReference = 70D84C922E0FB627008ED7B9 /* XSshowTabFormTests.xctest */;
			productType = "com.apple.product-type.bundle.unit-test";
		};
		70D84C9B2E0FB627008ED7B9 /* XSshowTabFormUITests */ = {
			isa = PBXNativeTarget;
			buildConfigurationList = 70D84CAC2E0FB627008ED7B9 /* Build configuration list for PBXNativeTarget "XSshowTabFormUITests" */;
			buildPhases = (
				70D84C982E0FB627008ED7B9 /* Sources */,
				70D84C992E0FB627008ED7B9 /* Frameworks */,
				70D84C9A2E0FB627008ED7B9 /* Resources */,
			);
			buildRules = (
			);
			dependencies = (
				70D84C9E2E0FB627008ED7B9 /* PBXTargetDependency */,
			);
			fileSystemSynchronizedGroups = (
				70D84C9F2E0FB627008ED7B9 /* XSshowTabFormUITests */,
			);
			name = XSshowTabFormUITests;
			packageProductDependencies = (
			);
			productName = XSshowTabFormUITests;
			productReference = 70D84C9C2E0FB627008ED7B9 /* XSshowTabFormUITests.xctest */;
			productType = "com.apple.product-type.bundle.ui-testing";
		};
/* End PBXNativeTarget section */

/* Begin PBXProject section */
		70D84C792E0FB625008ED7B9 /* Project object */ = {
			isa = PBXProject;
			attributes = {
				BuildIndependentTargetsInParallel = 1;
				LastSwiftUpdateCheck = 1620;
				LastUpgradeCheck = 1620;
				TargetAttributes = {
					70D84C802E0FB625008ED7B9 = {
						CreatedOnToolsVersion = 16.2;
					};
					70D84C912E0FB627008ED7B9 = {
						CreatedOnToolsVersion = 16.2;
						TestTargetID = 70D84C802E0FB625008ED7B9;
					};
					70D84C9B2E0FB627008ED7B9 = {
						CreatedOnToolsVersion = 16.2;
						TestTargetID = 70D84C802E0FB625008ED7B9;
					};
				};
			};
			buildConfigurationList = 70D84C7C2E0FB625008ED7B9 /* Build configuration list for PBXProject "XSshowTabForm" */;
			developmentRegion = en;
			hasScannedForEncodings = 0;
			knownRegions = (
				en,
				Base,
			);
			mainGroup = 70D84C782E0FB625008ED7B9;
			minimizedProjectReferenceProxies = 1;
			preferredProjectObjectVersion = 77;
			productRefGroup = 70D84C822E0FB625008ED7B9 /* Products */;
			projectDirPath = "";
			projectRoot = "";
			targets = (
				70D84C802E0FB625008ED7B9 /* XSshowTabForm */,
				70D84C912E0FB627008ED7B9 /* XSshowTabFormTests */,
				70D84C9B2E0FB627008ED7B9 /* XSshowTabFormUITests */,
			);
		};
/* End PBXProject section */

/* Begin PBXResourcesBuildPhase section */
		70D84C7F2E0FB625008ED7B9 /* Resources */ = {
			isa = PBXResourcesBuildPhase;
			buildActionMask = 2147483647;
			files = (
			);
			runOnlyForDeploymentPostprocessing = 0;
		};
		70D84C902E0FB627008ED7B9 /* Resources */ = {
			isa = PBXResourcesBuildPhase;
			buildActionMask = 2147483647;
			files = (
			);
			runOnlyForDeploymentPostprocessing = 0;
		};
		70D84C9A2E0FB627008ED7B9 /* Resources */ = {
			isa = PBXResourcesBuildPhase;
			buildActionMask = 2147483647;
			files = (
			);
			runOnlyForDeploymentPostprocessing = 0;
		};
/* End PBXResourcesBuildPhase section */

/* Begin PBXSourcesBuildPhase section */
		70D84C7D2E0FB625008ED7B9 /* Sources */ = {
			isa = PBXSourcesBuildPhase;
			buildActionMask = 2147483647;
			files = (
			);
			runOnlyForDeploymentPostprocessing = 0;
		};
		70D84C8E2E0FB627008ED7B9 /* Sources */ = {
			isa = PBXSourcesBuildPhase;
			buildActionMask = 2147483647;
			files = (
			);
			runOnlyForDeploymentPostprocessing = 0;
		};
		70D84C982E0FB627008ED7B9 /* Sources */ = {
			isa = PBXSourcesBuildPhase;
			buildActionMask = 2147483647;
			files = (
			);
			runOnlyForDeploymentPostprocessing = 0;
		};
/* End PBXSourcesBuildPhase section */

/* Begin PBXTargetDependency section */
		70D84C942E0FB627008ED7B9 /* PBXTargetDependency */ = {
			isa = PBXTargetDependency;
			target = 70D84C802E0FB625008ED7B9 /* XSshowTabForm */;
			targetProxy = 70D84C932E0FB627008ED7B9 /* PBXContainerItemProxy */;
		};
		70D84C9E2E0FB627008ED7B9 /* PBXTargetDependency */ = {
			isa = PBXTargetDependency;
			target = 70D84C802E0FB625008ED7B9 /* XSshowTabForm */;
			targetProxy = 70D84C9D2E0FB627008ED7B9 /* PBXContainerItemProxy */;
		};
/* End PBXTargetDependency section */

/* Begin XCBuildConfiguration section */
		70D84CA42E0FB627008ED7B9 /* Debug */ = {
			isa = XCBuildConfiguration;
			buildSettings = {
				ALWAYS_SEARCH_USER_PATHS = NO;
				ASSETCATALOG_COMPILER_GENERATE_SWIFT_ASSET_SYMBOL_EXTENSIONS = YES;
				CLANG_ANALYZER_NONNULL = YES;
				CLANG_ANALYZER_NUMBER_OBJECT_CONVERSION = YES_AGGRESSIVE;
				CLANG_CXX_LANGUAGE_STANDARD = "gnu++20";
				CLANG_ENABLE_MODULES = YES;
				CLANG_ENABLE_OBJC_ARC = YES;
				CLANG_ENABLE_OBJC_WEAK = YES;
				CLANG_WARN_BLOCK_CAPTURE_AUTORELEASING = YES;
				CLANG_WARN_BOOL_CONVERSION = YES;
				CLANG_WARN_COMMA = YES;
				CLANG_WARN_CONSTANT_CONVERSION = YES;
				CLANG_WARN_DEPRECATED_OBJC_IMPLEMENTATIONS = YES;
				CLANG_WARN_DIRECT_OBJC_ISA_USAGE = YES_ERROR;
				CLANG_WARN_DOCUMENTATION_COMMENTS = YES;
				CLANG_WARN_EMPTY_BODY = YES;
				CLANG_WARN_ENUM_CONVERSION = YES;
				CLANG_WARN_INFINITE_RECURSION = YES;
				CLANG_WARN_INT_CONVERSION = YES;
				CLANG_WARN_NON_LITERAL_NULL_CONVERSION = YES;
				CLANG_WARN_OBJC_IMPLICIT_RETAIN_SELF = YES;
				CLANG_WARN_OBJC_LITERAL_CONVERSION = YES;
				CLANG_WARN_OBJC_ROOT_CLASS = YES_ERROR;
				CLANG_WARN_QUOTED_INCLUDE_IN_FRAMEWORK_HEADER = YES;
				CLANG_WARN_RANGE_LOOP_ANALYSIS = YES;
				CLANG_WARN_STRICT_PROTOTYPES = YES;
				CLANG_WARN_SUSPICIOUS_MOVE = YES;
				CLANG_WARN_UNGUARDED_AVAILABILITY = YES_AGGRESSIVE;
				CLANG_WARN_UNREACHABLE_CODE = YES;
				CLANG_WARN__DUPLICATE_METHOD_MATCH = YES;
				COPY_PHASE_STRIP = NO;
				DEBUG_INFORMATION_FORMAT = dwarf;
				ENABLE_STRICT_OBJC_MSGSEND = YES;
				ENABLE_TESTABILITY = YES;
				ENABLE_USER_SCRIPT_SANDBOXING = YES;
				GCC_C_LANGUAGE_STANDARD = gnu17;
				GCC_DYNAMIC_NO_PIC = NO;
				GCC_NO_COMMON_BLOCKS = YES;
				GCC_OPTIMIZATION_LEVEL = 0;
				GCC_PREPROCESSOR_DEFINITIONS = (
					"DEBUG=1",
					"$(inherited)",
				);
				GCC_WARN_64_TO_32_BIT_CONVERSION = YES;
				GCC_WARN_ABOUT_RETURN_TYPE = YES_ERROR;
				GCC_WARN_UNDECLARED_SELECTOR = YES;
				GCC_WARN_UNINITIALIZED_AUTOS = YES_AGGRESSIVE;
				GCC_WARN_UNUSED_FUNCTION = YES;
				GCC_WARN_UNUSED_VARIABLE = YES;
				LOCALIZATION_PREFERS_STRING_CATALOGS = YES;
				MACOSX_DEPLOYMENT_TARGET = 15.2;
				MTL_ENABLE_DEBUG_INFO = INCLUDE_SOURCE;
				MTL_FAST_MATH = YES;
				ONLY_ACTIVE_ARCH = YES;
				SDKROOT = macosx;
				SWIFT_ACTIVE_COMPILATION_CONDITIONS = "DEBUG $(inherited)";
				SWIFT_OPTIMIZATION_LEVEL = "-Onone";
			};
			name = Debug;
		};
		70D84CA52E0FB627008ED7B9 /* Release */ = {
			isa = XCBuildConfiguration;
			buildSettings = {
				ALWAYS_SEARCH_USER_PATHS = NO;
				ASSETCATALOG_COMPILER_GENERATE_SWIFT_ASSET_SYMBOL_EXTENSIONS = YES;
				CLANG_ANALYZER_NONNULL = YES;
				CLANG_ANALYZER_NUMBER_OBJECT_CONVERSION = YES_AGGRESSIVE;
				CLANG_CXX_LANGUAGE_STANDARD = "gnu++20";
				CLANG_ENABLE_MODULES = YES;
				CLANG_ENABLE_OBJC_ARC = YES;
				CLANG_ENABLE_OBJC_WEAK = YES;
				CLANG_WARN_BLOCK_CAPTURE_AUTORELEASING = YES;
				CLANG_WARN_BOOL_CONVERSION = YES;
				CLANG_WARN_COMMA = YES;
				CLANG_WARN_CONSTANT_CONVERSION = YES;
				CLANG_WARN_DEPRECATED_OBJC_IMPLEMENTATIONS = YES;
				CLANG_WARN_DIRECT_OBJC_ISA_USAGE = YES_ERROR;
				CLANG_WARN_DOCUMENTATION_COMMENTS = YES;
				CLANG_WARN_EMPTY_BODY = YES;
				CLANG_WARN_ENUM_CONVERSION = YES;
				CLANG_WARN_INFINITE_RECURSION = YES;
				CLANG_WARN_INT_CONVERSION = YES;
				CLANG_WARN_NON_LITERAL_NULL_CONVERSION = YES;
				CLANG_WARN_OBJC_IMPLICIT_RETAIN_SELF = YES;
				CLANG_WARN_OBJC_LITERAL_CONVERSION = YES;
				CLANG_WARN_OBJC_ROOT_CLASS = YES_ERROR;
				CLANG_WARN_QUOTED_INCLUDE_IN_FRAMEWORK_HEADER = YES;
				CLANG_WARN_RANGE_LOOP_ANALYSIS = YES;
				CLANG_WARN_STRICT_PROTOTYPES = YES;
				CLANG_WARN_SUSPICIOUS_MOVE = YES;
				CLANG_WARN_UNGUARDED_AVAILABILITY = YES_AGGRESSIVE;
				CLANG_WARN_UNREACHABLE_CODE = YES;
				CLANG_WARN__DUPLICATE_METHOD_MATCH = YES;
				COPY_PHASE_STRIP = NO;
				DEBUG_INFORMATION_FORMAT = "dwarf-with-dsym";
				ENABLE_NS_ASSERTIONS = NO;
				ENABLE_STRICT_OBJC_MSGSEND = YES;
				ENABLE_USER_SCRIPT_SANDBOXING = YES;
				GCC_C_LANGUAGE_STANDARD = gnu17;
				GCC_NO_COMMON_BLOCKS = YES;
				GCC_WARN_64_TO_32_BIT_CONVERSION = YES;
				GCC_WARN_ABOUT_RETURN_TYPE = YES_ERROR;
				GCC_WARN_UNDECLARED_SELECTOR = YES;
				GCC_WARN_UNINITIALIZED_AUTOS = YES_AGGRESSIVE;
				GCC_WARN_UNUSED_FUNCTION = YES;
				GCC_WARN_UNUSED_VARIABLE = YES;
				LOCALIZATION_PREFERS_STRING_CATALOGS = YES;
				MACOSX_DEPLOYMENT_TARGET = 15.2;
				MTL_ENABLE_DEBUG_INFO = NO;
				MTL_FAST_MATH = YES;
				SDKROOT = macosx;
				SWIFT_COMPILATION_MODE = wholemodule;
			};
			name = Release;
		};
		70D84CA72E0FB627008ED7B9 /* Debug */ = {
			isa = XCBuildConfiguration;
			buildSettings = {
				ASSETCATALOG_COMPILER_APPICON_NAME = AppIcon;
				ASSETCATALOG_COMPILER_GLOBAL_ACCENT_COLOR_NAME = AccentColor;
				CODE_SIGN_ENTITLEMENTS = XSshowTabForm/XSshowTabForm.entitlements;
				CODE_SIGN_STYLE = Automatic;
				COMBINE_HIDPI_IMAGES = YES;
				CURRENT_PROJECT_VERSION = 1;
				DEVELOPMENT_TEAM = 68UM3LC2H9;
				ENABLE_HARDENED_RUNTIME = YES;
				GENERATE_INFOPLIST_FILE = YES;
				INFOPLIST_KEY_NSHumanReadableCopyright = "";
				INFOPLIST_KEY_NSMainStoryboardFile = Main;
				INFOPLIST_KEY_NSPrincipalClass = NSApplication;
				LD_RUNPATH_SEARCH_PATHS = (
					"$(inherited)",
					"@executable_path/../Frameworks",
				);
				MARKETING_VERSION = 1.0;
				PRODUCT_BUNDLE_IDENTIFIER = com.facility.www.cpp.XSshowTabForm;
				PRODUCT_NAME = "$(TARGET_NAME)";
				SWIFT_EMIT_LOC_STRINGS = YES;
				SWIFT_VERSION = 5.0;
			};
			name = Debug;
		};
		70D84CA82E0FB627008ED7B9 /* Release */ = {
			isa = XCBuildConfiguration;
			buildSettings = {
				ASSETCATALOG_COMPILER_APPICON_NAME = AppIcon;
				ASSETCATALOG_COMPILER_GLOBAL_ACCENT_COLOR_NAME = AccentColor;
				CODE_SIGN_ENTITLEMENTS = XSshowTabForm/XSshowTabForm.entitlements;
				CODE_SIGN_STYLE = Automatic;
				COMBINE_HIDPI_IMAGES = YES;
				CURRENT_PROJECT_VERSION = 1;
				DEVELOPMENT_TEAM = 68UM3LC2H9;
				ENABLE_HARDENED_RUNTIME = YES;
				GENERATE_INFOPLIST_FILE = YES;
				INFOPLIST_KEY_NSHumanReadableCopyright = "";
				INFOPLIST_KEY_NSMainStoryboardFile = Main;
				INFOPLIST_KEY_NSPrincipalClass = NSApplication;
				LD_RUNPATH_SEARCH_PATHS = (
					"$(inherited)",
					"@executable_path/../Frameworks",
				);
				MARKETING_VERSION = 1.0;
				PRODUCT_BUNDLE_IDENTIFIER = com.facility.www.cpp.XSshowTabForm;
				PRODUCT_NAME = "$(TARGET_NAME)";
				SWIFT_EMIT_LOC_STRINGS = YES;
				SWIFT_VERSION = 5.0;
			};
			name = Release;
		};
		70D84CAA2E0FB627008ED7B9 /* Debug */ = {
			isa = XCBuildConfiguration;
			buildSettings = {
				BUNDLE_LOADER = "$(TEST_HOST)";
				CODE_SIGN_STYLE = Automatic;
				CURRENT_PROJECT_VERSION = 1;
				DEVELOPMENT_TEAM = 68UM3LC2H9;
				GENERATE_INFOPLIST_FILE = YES;
				MACOSX_DEPLOYMENT_TARGET = 15.2;
				MARKETING_VERSION = 1.0;
				PRODUCT_BUNDLE_IDENTIFIER = com.facility.www.cpp.XSshowTabFormTests;
				PRODUCT_NAME = "$(TARGET_NAME)";
				SWIFT_EMIT_LOC_STRINGS = NO;
				SWIFT_VERSION = 5.0;
				TEST_HOST = "$(BUILT_PRODUCTS_DIR)/XSshowTabForm.app/$(BUNDLE_EXECUTABLE_FOLDER_PATH)/XSshowTabForm";
			};
			name = Debug;
		};
		70D84CAB2E0FB627008ED7B9 /* Release */ = {
			isa = XCBuildConfiguration;
			buildSettings = {
				BUNDLE_LOADER = "$(TEST_HOST)";
				CODE_SIGN_STYLE = Automatic;
				CURRENT_PROJECT_VERSION = 1;
				DEVELOPMENT_TEAM = 68UM3LC2H9;
				GENERATE_INFOPLIST_FILE = YES;
				MACOSX_DEPLOYMENT_TARGET = 15.2;
				MARKETING_VERSION = 1.0;
				PRODUCT_BUNDLE_IDENTIFIER = com.facility.www.cpp.XSshowTabFormTests;
				PRODUCT_NAME = "$(TARGET_NAME)";
				SWIFT_EMIT_LOC_STRINGS = NO;
				SWIFT_VERSION = 5.0;
				TEST_HOST = "$(BUILT_PRODUCTS_DIR)/XSshowTabForm.app/$(BUNDLE_EXECUTABLE_FOLDER_PATH)/XSshowTabForm";
			};
			name = Release;
		};
		70D84CAD2E0FB627008ED7B9 /* Debug */ = {
			isa = XCBuildConfiguration;
			buildSettings = {
				CODE_SIGN_STYLE = Automatic;
				CURRENT_PROJECT_VERSION = 1;
				DEVELOPMENT_TEAM = 68UM3LC2H9;
				GENERATE_INFOPLIST_FILE = YES;
				MARKETING_VERSION = 1.0;
				PRODUCT_BUNDLE_IDENTIFIER = com.facility.www.cpp.XSshowTabFormUITests;
				PRODUCT_NAME = "$(TARGET_NAME)";
				SWIFT_EMIT_LOC_STRINGS = NO;
				SWIFT_VERSION = 5.0;
				TEST_TARGET_NAME = XSshowTabForm;
			};
			name = Debug;
		};
		70D84CAE2E0FB627008ED7B9 /* Release */ = {
			isa = XCBuildConfiguration;
			buildSettings = {
				CODE_SIGN_STYLE = Automatic;
				CURRENT_PROJECT_VERSION = 1;
				DEVELOPMENT_TEAM = 68UM3LC2H9;
				GENERATE_INFOPLIST_FILE = YES;
				MARKETING_VERSION = 1.0;
				PRODUCT_BUNDLE_IDENTIFIER = com.facility.www.cpp.XSshowTabFormUITests;
				PRODUCT_NAME = "$(TARGET_NAME)";
				SWIFT_EMIT_LOC_STRINGS = NO;
				SWIFT_VERSION = 5.0;
				TEST_TARGET_NAME = XSshowTabForm;
			};
			name = Release;
		};
/* End XCBuildConfiguration section */

/* Begin XCConfigurationList section */
		70D84C7C2E0FB625008ED7B9 /* Build configuration list for PBXProject "XSshowTabForm" */ = {
			isa = XCConfigurationList;
			buildConfigurations = (
				70D84CA42E0FB627008ED7B9 /* Debug */,
				70D84CA52E0FB627008ED7B9 /* Release */,
			);
			defaultConfigurationIsVisible = 0;
			defaultConfigurationName = Release;
		};
		70D84CA62E0FB627008ED7B9 /* Build configuration list for PBXNativeTarget "XSshowTabForm" */ = {
			isa = XCConfigurationList;
			buildConfigurations = (
				70D84CA72E0FB627008ED7B9 /* Debug */,
				70D84CA82E0FB627008ED7B9 /* Release */,
			);
			defaultConfigurationIsVisible = 0;
			defaultConfigurationName = Release;
		};
		70D84CA92E0FB627008ED7B9 /* Build configuration list for PBXNativeTarget "XSshowTabFormTests" */ = {
			isa = XCConfigurationList;
			buildConfigurations = (
				70D84CAA2E0FB627008ED7B9 /* Debug */,
				70D84CAB2E0FB627008ED7B9 /* Release */,
			);
			defaultConfigurationIsVisible = 0;
			defaultConfigurationName = Release;
		};
		70D84CAC2E0FB627008ED7B9 /* Build configuration list for PBXNativeTarget "XSshowTabFormUITests" */ = {
			isa = XCConfigurationList;
			buildConfigurations = (
				70D84CAD2E0FB627008ED7B9 /* Debug */,
				70D84CAE2E0FB627008ED7B9 /* Release */,
			);
			defaultConfigurationIsVisible = 0;
			defaultConfigurationName = Release;
		};
/* End XCConfigurationList section */
	};
	rootObject = 70D84C792E0FB625008ED7B9 /* Project object */;
}
